{
  "name": "vibedeckx",
  "version": "0.1.0",
  "lockfileVersion": 3,
  "requires": true,
  "packages": {
    "": {
      "name": "vibedeckx",
      "version": "0.1.0",
      "dependencies": {
        "@fastify/static": "^8.2.0",
        "@fastify/websocket": "^11.0.2",
        "@stricli/core": "^1.2.0",
        "better-sqlite3": "^11.6.0",
        "fastify": "^5.6.1",
        "node-pty": "^1.1.0",
        "open": "^10.1.0"
      },
      "bin": {
        "vibedeckx": "dist/bin.js"
      },
      "devDependencies": {
        "@types/better-sqlite3": "^7.6.13",
        "@types/node": "^20"
      }
    },
    "../../node_modules/.pnpm/@fastify+static@8.3.0/node_modules/@fastify/static": {
      "version": "8.3.0",
      "funding": [
        {
          "type": "github",
          "url": "https://github.com/sponsors/fastify"
        },
        {
          "type": "opencollective",
          "url": "https://opencollective.com/fastify"
        }
      ],
      "license": "MIT",
      "dependencies": {
        "@fastify/accept-negotiator": "^2.0.0",
        "@fastify/send": "^4.0.0",
        "content-disposition": "^0.5.4",
        "fastify-plugin": "^5.0.0",
        "fastq": "^1.17.1",
        "glob": "^11.0.0"
      },
      "devDependencies": {
        "@fastify/compress": "^8.0.0",
        "@types/node": "^24.0.13",
        "borp": "^0.20.0",
        "c8": "^10.1.3",
        "concat-stream": "^2.0.0",
        "eslint": "^9.17.0",
        "fastify": "^5.1.0",
        "neostandard": "^0.12.0",
        "pino": "^9.1.0",
        "proxyquire": "^2.1.3",
        "tsd": "^0.33.0"
      }
    },
    "../../node_modules/.pnpm/@fastify+websocket@11.2.0/node_modules/@fastify/websocket": {
      "version": "11.2.0",
      "funding": [
        {
          "type": "github",
          "url": "https://github.com/sponsors/fastify"
        },
        {
          "type": "opencollective",
          "url": "https://opencollective.com/fastify"
        }
      ],
      "license": "MIT",
      "dependencies": {
        "duplexify": "^4.1.3",
        "fastify-plugin": "^5.0.0",
        "ws": "^8.16.0"
      },
      "devDependencies": {
        "@fastify/pre-commit": "^2.1.0",
        "@fastify/type-provider-typebox": "^5.0.0",
        "@types/node": "^24.0.9",
        "@types/ws": "^8.5.10",
        "c8": "^10.1.3",
        "eslint": "^9.17.0",
        "fastify": "^5.0.0",
        "fastify-tsconfig": "^3.0.0",
        "neostandard": "^0.12.0",
        "split2": "^4.2.0",
        "tsd": "^0.32.0"
      }
    },
    "../../node_modules/.pnpm/@stricli+core@1.2.5/node_modules/@stricli/core": {
      "version": "1.2.5",
      "license": "Apache-2.0",
      "devDependencies": {
        "@types/chai": "^4.3.11",
        "@types/fs-extra": "^11.0.4",
        "@types/sinon": "^17.0.2",
        "@typescript-eslint/eslint-plugin": "^8.2.0",
        "@typescript-eslint/parser": "^8.2.0",
        "eslint": "^8.57.0",
        "eslint-plugin-header": "^3.1.1",
        "eslint-plugin-import": "^2.29.1",
        "eslint-plugin-prettier": "^5.1.3",
        "fs-extra": "^11.2.0",
        "prettier": "^3.2.5",
        "sinon": "^17.0.1",
        "tsup": "^8.0.1",
        "tsx": "^4.8.2",
        "typescript": "5.6.x"
      }
    },
    "../../node_modules/.pnpm/@types+better-sqlite3@7.6.13/node_modules/@types/better-sqlite3": {
      "version": "7.6.13",
      "dev": true,
      "license": "MIT",
      "dependencies": {
        "@types/node": "*"
      }
    },
    "../../node_modules/.pnpm/@types+node@20.19.30/node_modules/@types/node": {
      "version": "20.19.30",
      "dev": true,
      "license": "MIT",
      "dependencies": {
        "undici-types": "~6.21.0"
      }
    },
    "../../node_modules/.pnpm/better-sqlite3@11.10.0/node_modules/better-sqlite3": {
      "version": "11.10.0",
      "hasInstallScript": true,
      "license": "MIT",
      "dependencies": {
        "bindings": "^1.5.0",
        "prebuild-install": "^7.1.1"
      },
      "devDependencies": {
        "chai": "^4.3.8",
        "cli-color": "^2.0.3",
        "fs-extra": "^11.1.1",
        "mocha": "^10.2.0",
        "nodemark": "^0.3.0",
        "prebuild": "^13.0.1",
        "sqlite": "^5.0.1",
        "sqlite3": "^5.1.6"
      }
    },
    "../../node_modules/.pnpm/fastify@5.7.2/node_modules/fastify": {
      "version": "5.7.2",
      "funding": [
        {
          "type": "github",
          "url": "https://github.com/sponsors/fastify"
        },
        {
          "type": "opencollective",
          "url": "https://opencollective.com/fastify"
        }
      ],
      "license": "MIT",
      "dependencies": {
        "@fastify/ajv-compiler": "^4.0.5",
        "@fastify/error": "^4.0.0",
        "@fastify/fast-json-stringify-compiler": "^5.0.0",
        "@fastify/proxy-addr": "^5.0.0",
        "abstract-logging": "^2.0.1",
        "avvio": "^9.0.0",
        "fast-json-stringify": "^6.0.0",
        "find-my-way": "^9.0.0",
        "light-my-request": "^6.0.0",
        "pino": "^10.1.0",
        "process-warning": "^5.0.0",
        "rfdc": "^1.3.1",
        "secure-json-parse": "^4.0.0",
        "semver": "^7.6.0",
        "toad-cache": "^3.7.0"
      },
      "devDependencies": {
        "@jsumners/line-reporter": "^1.0.1",
        "@sinclair/typebox": "^0.34.13",
        "@sinonjs/fake-timers": "^11.2.2",
        "@stylistic/eslint-plugin": "^5.1.0",
        "@stylistic/eslint-plugin-js": "^4.1.0",
        "@types/node": "^25.0.3",
        "ajv": "^8.12.0",
        "ajv-errors": "^3.0.0",
        "ajv-formats": "^3.0.1",
        "ajv-i18n": "^4.2.0",
        "ajv-merge-patch": "^5.0.1",
        "autocannon": "^8.0.0",
        "borp": "^0.21.0",
        "branch-comparer": "^1.1.0",
        "concurrently": "^9.1.2",
        "cross-env": "^10.0.0",
        "eslint": "^9.0.0",
        "fast-json-body": "^1.1.0",
        "fastify-plugin": "^5.0.0",
        "fluent-json-schema": "^6.0.0",
        "h2url": "^0.2.0",
        "http-errors": "^2.0.0",
        "joi": "^18.0.1",
        "json-schema-to-ts": "^3.0.1",
        "JSONStream": "^1.3.5",
        "markdownlint-cli2": "^0.20.0",
        "neostandard": "^0.12.0",
        "node-forge": "^1.3.1",
        "proxyquire": "^2.1.3",
        "split2": "^4.2.0",
        "tsd": "^0.33.0",
        "typescript": "~5.9.2",
        "undici": "^7.11.0",
        "vary": "^1.1.2",
        "yup": "^1.4.0"
      }
    },
    "../../node_modules/.pnpm/open@10.2.0/node_modules/open": {
      "version": "10.2.0",
      "license": "MIT",
      "dependencies": {
        "default-browser": "^5.2.1",
        "define-lazy-prop": "^3.0.0",
        "is-inside-container": "^1.0.0",
        "wsl-utils": "^0.1.0"
      },
      "devDependencies": {
        "@types/node": "^20.10.5",
        "ava": "^6.4.0",
        "tsd": "^0.32.0",
        "xo": "^1.1.1"
      },
      "engines": {
        "node": ">=18"
      },
      "funding": {
        "url": "https://github.com/sponsors/sindresorhus"
      }
    },
    "node_modules/@fastify/static": {
      "resolved": "../../node_modules/.pnpm/@fastify+static@8.3.0/node_modules/@fastify/static",
      "link": true
    },
    "node_modules/@fastify/websocket": {
      "resolved": "../../node_modules/.pnpm/@fastify+websocket@11.2.0/node_modules/@fastify/websocket",
      "link": true
    },
    "node_modules/@stricli/core": {
      "resolved": "../../node_modules/.pnpm/@stricli+core@1.2.5/node_modules/@stricli/core",
      "link": true
    },
    "node_modules/@types/better-sqlite3": {
      "resolved": "../../node_modules/.pnpm/@types+better-sqlite3@7.6.13/node_modules/@types/better-sqlite3",
      "link": true
    },
    "node_modules/@types/node": {
      "resolved": "../../node_modules/.pnpm/@types+node@20.19.30/node_modules/@types/node",
      "link": true
    },
    "node_modules/better-sqlite3": {
      "resolved": "../../node_modules/.pnpm/better-sqlite3@11.10.0/node_modules/better-sqlite3",
      "link": true
    },
    "node_modules/fastify": {
      "resolved": "../../node_modules/.pnpm/fastify@5.7.2/node_modules/fastify",
      "link": true
    },
    "node_modules/node-addon-api": {
      "version": "7.1.1",
      "resolved": "https://registry.npmjs.org/node-addon-api/-/node-addon-api-7.1.1.tgz",
      "integrity": "sha512-5m3bsyrjFWE1xf7nz7YXdN4udnVtXK6/Yfgn5qnahL6bCkf2yKt4k3nuTKAtT4r3IG8JNR2ncsIMdZuAzJjHQQ==",
      "license": "MIT"
    },
    "node_modules/node-pty": {
      "version": "1.1.0",
      "resolved": "https://registry.npmjs.org/node-pty/-/node-pty-1.1.0.tgz",
      "integrity": "sha512-20JqtutY6JPXTUnL0ij1uad7Qe1baT46lyolh2sSENDd4sTzKZ4nmAFkeAARDKwmlLjPx6XKRlwRUxwjOy+lUg==",
      "hasInstallScript": true,
      "license": "MIT",
      "dependencies": {
        "node-addon-api": "^7.1.0"
      }
    },
    "node_modules/open": {
      "resolved": "../../node_modules/.pnpm/open@10.2.0/node_modules/open",
      "link": true
    }
  }
}
